id: order-block
name: Order Block (the opposing candle in the move that swept liquidity)
variants:
  name:
  - Opposing Candle / Order Block
  - Order Block
  - Order Blocks As Support For A Fair Value Gap Entry, Not As The Trade
  definition:
  - 'The consecutive series of same-direction close candles that produced a swing extreme,
    treated as a tradeable zone once price closes back over (or under) it. In this unit the
    speaker''s working term is "opposing candle": at a low, the series of down-close candles
    that made the low; at a high, the series of up-close candles that made the high. The series
    becomes actionable at the moment of the close-through - that same close is the change
    in the state of delivery - and thereafter the zone is used two ways: as the level that
    must be respected on a retest (he marks 0.5 of the opposing candle and wants that half
    respected), and as a "continuation order block" from which a continuation entry is taken.
    A daily opposing candle can be projected forward and combined with the daily candle''s
    half level to build the T-spot.

    '
  - 'Two mutually consistent formulations are given in this unit. Structural (Orderblocks
    Simplified): a bearish order block requires a sweep of a high followed by a break of structure
    down; the order block is then the up-close candle or series of up-close candles that took
    that liquidity immediately before the move down. Mirror for bullish: a sweep of sell-side,
    a break of structure up, then the single or series of down-close candles before the move
    up. Candle-level (Propulsion Blocks review): the order block is a single or series of
    up-close candles into an important level which price then displaces through and closes
    BELOW the opening price of that single or series, and that close is what validates it;
    mirror for bullish. The level itself may be taken as the opening price, the wick, or the
    wick-to-open, and he explicitly tells the viewer to experiment and pick one.'
  - This unit adds a disqualifier rather than a definition. Looking left at a cluster of opposing
    candles he refuses to treat them as an order block because they sit inside a consolidation,
    and instead uses the HIGH OF THE RANGE as the point of interest, looking there for a sweep
    or an SMT. The order block therefore requires the candles to have produced a structural
    extreme, not merely to be the right colour inside a range.
  - 'EARLIEST RECORDING''S CONTRIBUTION IS THE ZONE BOUNDS, which the later canon leaves to
    the trader. Marking up a daily chart he states that on the daily he includes THE WICK
    TO THE OPEN of the block, and gives the reason: that is the most sensitive part. On the
    4-hour, in the same video, he marks THE BODY TO THE WICK of the series of up-close candles.
    So two different bounds are used at two different timeframes within one markup, both wider
    than a single opening-price line.'
  - 'The only PD array he says he actually trades from. An order block is formed by the series
    of opposing candles that price validated before delivering away, and its timeframe is
    derived from the higher timeframe level being worked - a daily level produces an hourly
    order block. He does not rest limit orders inside blocks; he waits for price to react
    and validate a new block, then enters at market on the confirming close.

    '
  - 'The single or series of opposing-close candles that traded into an important level immediately
    before price displaced and closed through their opening price. A bearish order block is
    the up-close candle(s) into an important level whose opening price is subsequently closed
    below; a bullish order block is the down-close candle(s) whose opening price is subsequently
    closed over. The level is marked at the OPENING PRICE of the (first) candle in the series,
    not the candle''s extreme. The validating close is the change in state of delivery. A
    sweep of liquidity before the close is preferred and the speaker always waits for one,
    but is stated not to be strictly required. The presence of an important level IS required
    — the same candle pattern at a random location is explicitly not an order block.

    '
  - HolyAngelBruv demotes the order block. His primary points of interest are liquidity (equal
    highs, equal lows, old highs, old lows) and fair value gaps; he says he would rather take
    a fair value gap trade that is SUPPORTED by an order block than take the order block itself,
    and that he only uses order blocks to narrow his fair value gap entries. His argument
    against trading them directly is that without a narrative they are unreliable - shorting
    a random order block will probably not work, whereas order blocks on the correct side
    of the market-maker curve are more likely to. For drawing them he uses the open, or the
    open and the wick, but normally just the open, and he says openly that he has held back
    from publishing a video on them because the choice of which candle to use is still subjective
    to him and changes with the timeframe.
  category:
  - entry
definition: 'His self-described favourite reversal model. Starting from an important level
  (a PD array, or resting buyside/sellside liquidity), price makes a short-term swing and
  then raids it. The order block is the opposing candle — or series of opposing candles —
  inside the move that swept that swing INTO the level: the up-close candle(s) for a bearish
  block, the down-close candle(s) for a bullish one. It is not validated until price closes
  back through it, and the level he then trades from is the block''s OPENING PRICE.'
category: structure
status: contested
aliases:
- my favorite reversal pattern
- opposing candle
- up close candle into an important level
- continuation order block
- series of down close candles
- order block
- bullish order block
- bearish order block
- series of up close candles
- opposing candles
- OB
- opposing candle block
- the opening price
- order block subordinate to the FVG
preconditions:
- An important level exists (higher-timeframe PD array, or resting buyside/sellside liquidity).
- A short-term swing high/low has formed near that level.
- A swing extreme produced by a run of same-direction close candles.
- Price has reached an important level (a fair value gap, a prior high/low, a PD array).
- Liquidity has been swept at that level (a high taken for a bearish block, a low for a bullish
  one).
- A candidate run of opposing-close candles has been identified.
- A higher timeframe level or narrative is already in place - he will not go looking for order
  blocks without one.
- The candles forming the block satisfy the opposing-candle validity test (they must have
  a wick / make a relevant extreme).
- Price has reached an important level / higher timeframe PD array (see important-level).
- 'Preferred: buyside or sellside liquidity has been swept at that level.'
- A directional narrative (curve side) and a fair value gap as the primary point of interest.
detection_rules:
- Price raids the short-term high (bearish case) or low (bullish case) into the important
  level.
- Identify the up-close candle, or series of up-close candles, inside that sweeping move (down-close
  candle(s) for the bullish case).
- Wait for price to CLOSE below that up-close candle (or above that down-close candle) — the
  close validates the block.
- Mark the block's opening price; that is the level expected to support price away from it.
- Wicks may trade into the block; the bodies must keep respecting it.
- 'Bullish: identify the consecutive down-close candles that made the low; the zone becomes
  valid once price closes back over their high.'
- 'Bearish: identify the consecutive up-close candles that made the high; the zone becomes
  valid once price closes back below their low.'
- Mark 0.5 of the opposing candle range; require that half to be respected on the retest.
- A zone formed in the direction of the prevailing move and used for re-entry is a continuation
  order block.
- '0.5 of the opposing candle doubles as a management level, not only a retest filter: price
  is not expected to trade back above it, so the stop can be moved there.'
- A single retracement into a higher-timeframe level can produce two stacked sets of opposing
  candles, each protecting its own extreme.
- 'Bearish: identify a swept swing high, then a break of structure downward.'
- Bearish block := the single or series of UP-close candles on the move that swept that high,
  immediately before the break down.
- 'Bullish: identify a swept swing low, then a break of structure upward; block := the single
  or series of DOWN-close candles on that move.'
- 'Alternative validation used in the propulsion-block video: the block is valid once price
  closes beyond the OPENING PRICE of that single or series of candles.'
- Prefer the largest full-bodied candle of the move that swept the level, not an adjacent
  small candle.
- Level selection is user-chosen among {opening price, the wick, wick-to-open, mean threshold};
  he tells the viewer to experiment.
- In a trend, a run of down-close candles inside an up move (or up-close candles inside a
  down move) may also be used as a block without a fresh sweep.
- Reject a candidate order block whose candles sit inside a consolidation - the fact that
  they are opposing-close candles is not sufficient.
- In that case use the range high (or range low) as the point of interest instead.
- At that range extreme, look for a sweep or an SMT rather than a clean order-block reaction.
- A valid order block, once respected, can then be paired with a fair value gap to form what
  he calls a propulsion block.
- 'Daily block: bound the zone from the WICK to the OPEN of the block candle - the stated
  ''most sensitive part''.'
- '4-Hour block: bound the zone from the BODY to the WICK of the series of up-close candles.'
- The block is a series of same-direction closes, not necessarily a single candle.
- Entry inside the zone is combined with a lower-timeframe setup rather than taken blind.
- 'Choose the order block timeframe one step below the higher timeframe level in use: a daily
  level means an hourly order block.'
- Use the whole series of opposing candles, not a single candle.
- A block that has already been mitigated (tapped once) remains valid as long as the drawn
  liquidity / objective being traded toward has NOT yet been taken.
- Once the objective has been reached, a re-tap of the same block is no longer a valid entry
  - this is the specific mistake he names as where people get stopped out.
- For continuation entries, wait for price to react at the level and validate a NEW order
  block; enter on the close of that candle at market.
- 'Bearish: find the last contiguous run of up-close candles (close > open) that traded into
  the important level and made the local high.'
- ob_level := open of the FIRST candle of that run.
- 'Validation: a subsequent candle closes below ob_level (with displacement).'
- 'Bullish: mirror — last run of down-close candles into the level; ob_level := open of the
  first; validation is a close above ob_level.'
- 'Zone refinement: mean_threshold := midpoint of (body_low, body_high) of the run.'
- 'Rejection rule: if the candle run never traded into an important level, it is NOT an order
  block even if its opening price is later closed through.'
- 'Continuation variant: the important level may be (a) a previous order block, (b) a fair
  value gap, or (c) a swept swing low/high.'
- Select the trade on liquidity plus a fair value gap, not on an order block.
- Use an order block only to refine the entry price inside that fair value gap.
- Draw the order block from the open, or the open plus the wick; default to the open.
- In a downtrend, the up-close candles (bearish order blocks) are what should resist price.
- Do not take an order block that is not on the correct side of the market maker curve.
invalidation:
- Bodies closing through the block's opening price / beyond its mean threshold.
- No close back through the opposing candle — the block is never validated.
- Price closes back through the opposing candle in the original direction.
- The protected swing created at the extreme beneath the zone is taken out.
- Price closing beyond the mean threshold of the block against the intended direction.
- The break of structure never printing (a sweep alone does not validate a block).
- Price trades through the block without a reaction.
- The drawn liquidity / objective has already been taken - the block is spent.
- Price closes through the block against the intended direction.
- The candles do not have open-high-low-close shape (wickless, no relevant extreme) - not
  an order block at all.
- Closes beyond the mean threshold are undesirable ('I don't want to see any closes below
  the mean threshold').
- Absence of an important level invalidates the formation entirely.
- No narrative supports the order block's direction.
measurable:
- hit rate of order blocks validated at a HTF level vs those without one
- frequency of body violation of the opening price before target
- retest rate of opposing candles after the close-through
- proportion of retests that hold above 0.5 of the zone
- R achieved from continuation order block entries vs entries at the close-through itself
- reaction rate at the opening price vs the wick vs the mean threshold, same sample
- how often the break-of-structure requirement disqualifies a candidate block that a candle-only
  rule would accept
- hit rate of blocks formed in a trend without a fresh liquidity sweep
- reaction rate of order blocks inside consolidations vs at structural extremes
- reaction rate at the wick-to-open zone vs the opening price alone, by timeframe
- fill rate of limit orders inside order blocks vs the close-of-candle market entry
- hit rate of re-tapped blocks before vs after the objective was reached
- performance by order-block timeframe relative to the HTF level timeframe
- hit rate of a 2R trade on the first retest of ob_level, split by whether an important level
  was present
- how often price returns to ob_level at all after validation
- fill rate and hit rate of mean-threshold entries vs opening-price entries
- frequency of closes beyond the mean threshold in trades that ultimately worked
- win rate of FVG entries with vs without an aligned order block
- difference in entry fill and adverse excursion between open-only and open-plus-wick drawing
sources:
- video_id: 7p9MBFk8EEM
  title: My Favorite Reversal Pattern | Orderblocks
  quote: This is my favorite reversal pattern
- video_id: 7p9MBFk8EEM
  title: My Favorite Reversal Pattern | Orderblocks
  quote: the first thing I start with is an important level
- video_id: 7p9MBFk8EEM
  title: My Favorite Reversal Pattern | Orderblocks
  quote: When price closes below this uplo candle, it then validates this order block
- video_id: 7p9MBFk8EEM
  title: My Favorite Reversal Pattern | Orderblocks
  quote: now I'm going to be looking at the opening price of this order block
- video_id: 7p9MBFk8EEM
  title: My Favorite Reversal Pattern | Orderblocks
  quote: the wicks reach into there, the body is still respecting this down close candle
- video_id: E89d1HArbgM
  title: Market Structure Shift vs Change In State Of Delivery
  quote: focused on the close and displacement below the opening price of this up close
- video_id: w-JekHg6Ldk
  title: 'TTrades Top-Down Chart Lessons #4'
- video_id: IzOQmcgLyA0
  title: 'TTrades Top-Down Chart Lessons #3'
- video_id: UBTl7za9obc
  title: 'TTrades Top-Down Chart Lessons #2'
- video_id: Nlw-PZhoViQ
  title: 'TTrades Top-Down Chart Lessons #1'
  quote: creates two sets of opposing candles
- video_id: Y8DkNYhq0X0
  title: Orderblocks Simplified - ICT Concepts
  quote: in a bearish order block example is a sweep of a high
- video_id: Y8DkNYhq0X0
  title: Orderblocks Simplified - ICT Concepts
- video_id: 9PKJ0U1gl4g
  title: Propulsion Blocks Simplified - ICT Concepts
  quote: a single or series of up closed candles into an important level
- video_id: FXJBFbZQbck
  title: The Easiest Draw On Liquidity (DOL) - Daily Bias - ICT
- video_id: IPZjNI1B5a0
  title: You Are Using Discount and Premium Wrong! - EQ For Expansions
  quote: trust this as an order block because it is just in a consolidation
- video_id: IPZjNI1B5a0
  title: You Are Using Discount and Premium Wrong! - EQ For Expansions
  quote: I will use the high of the range as a point of interest
- video_id: IPZjNI1B5a0
  title: You Are Using Discount and Premium Wrong! - EQ For Expansions
  quote: either look for a sweep or an smt on that high
- video_id: wDXTIDbIMwU
  title: Top Down Analysis - ICT Concepts
  quote: I do include the wick to the open on these
- video_id: wDXTIDbIMwU
  title: Top Down Analysis - ICT Concepts
  quote: the body to the wick of the series of up close candles
- video_id: LZZAaILYNyI
  title: Stop Losses, Placement & Trailing - ICT Concepts
  quote: i can use the high of the candle that made the fair value gap
- video_id: r7yW6ou1LDs
  title: TTrades Sunday Session - Live Q&A
- video_id: u8bnmaih_hA
  title: TTrades Sunday Session - Live Q&A
- video_id: bMkRomKEunU
  title: New York Open Live Q&A
- video_id: DMUiDBnTYc8
  title: Order Blocks Simplified - ICT Concepts
- video_id: CHIK5oBRKiw
  title: Change In State Of Delivery [CISD] - Orderblock Formation - ICT Concepts
- video_id: 3OivsP1j_UE
  title: Internal & External Liquidity (Daily Bias) - ICT Concepts
- video_id: 8Z2AbZLjunU
  title: ICT + Orderflow - Q&A with HolyAngelBruv
  quote: take a fair value gap trade that is supported by an order block
- video_id: 8Z2AbZLjunU
  title: ICT + Orderflow - Q&A with HolyAngelBruv
  quote: i use the open and then the wick but normally just the open
ambiguities:
- Whether the validating close must also displace (leave an FVG) is stated in E89d1HArbgM
  ('close and displacement') but only as 'closes below' in 7p9MBFk8EEM.
- '''Important level'' is enumerated by instance (daily/weekly FVG, previous month high, daily
  swing low) but never ranked or bounded.'
- When a SERIES of opposing candles is used, whether the opening price is the first candle's
  open or the highest/lowest is not stated.
- Sourced from an ASR (whisper-small) transcript, not YouTube captions; wording may be imprecise.
- In video Nlw-PZhoViQ two separate levels are pointed at on screen - one that would form
  the opposing candle and one that would form the change in the state of delivery - which
  implies they are not always the same level, but the distinction is only visual and is not
  stated.
- The speaker uses opposing candle, order block and continuation order block in the same walkthroughs
  without distinguishing them; they are recorded here as one concept because they are constructed
  identically in these transcripts, but that identity is an inference.
- The zone boundaries are not stated - whether it spans the bodies or the wicks of the series
  is never said.
- No maximum number of candles in the series is given.
- Whether a fair value gap inside the zone is required, or merely common, is not stated.
- The auto-captioner renders 'break of structure' as 'breaker structure' and once as 'brachet
  structure'; it is read as break of structure throughout.
- '''Break of structure'' is never given a swing-confirmation rule here - which swing must
  be closed through, and whether a wick through counts, is not stated.'
- 'The two validations are not reconciled: the structural version requires a break of structure,
  the candle version requires only a close beyond the block''s opening price.'
- Choice among opening price / wick / wick-to-open is explicitly delegated to the trader,
  so the level is not uniquely determined by the source.
- '''Important level'' is enumerated by example (fair value gap, prior high/low) but not defined
  or ranked.'
- '''Just in a consolidation'' is judged by eye; no test is given for when a run of candles
  counts as consolidation rather than structure.'
- '''Propulsion block'' is named once in passing and never defined in this unit.'
- This video does not restate which level of the block is used (open of the first candle,
  the series extreme, or the mean threshold).
- The two bounds are used in the same video at different timeframes and the difference is
  never explained - it may be a timeframe rule or may be incidental.
- '''Wick to the open'' is ambiguous about WHICH wick when the block is a series of candles.'
- Neither the sweep precondition nor the break-of-structure precondition from the later canon
  is mentioned in this markup; blocks are simply pointed at on the chart.
- '''Drawn liquidity'' / ''objective'' is the pivot of the mitigation rule but is never defined
  mechanically - it is whatever he had marked at the time.'
- The one-step-down timeframe relationship is given for daily-to-hourly only; the mapping
  for 4H, weekly or intraday levels is not enumerated.
- How many times a block may be tapped before the objective is reached is not stated.
- '''Displacement'' accompanying the validating close is required by wording but never quantified.'
- Whether the candle series must be strictly contiguous (does one opposite-close candle break
  it?) is not stated.
- The order block's ZONE boundaries are undefined — only the opening price (a line) and the
  mean threshold (bodies) are given; whether the wick extreme belongs to the block is only
  addressed by contrast with breaker blocks, which DO include wicks.
- '''Important level'' is enumerated for continuation entries but left open (''higher timeframe
  PD array'') for reversal entries.'
- 'No expiry rule: how many touches an order block survives, or when it is dead, is not stated.'
- Which candle qualifies as the order block is explicitly unresolved by the speaker himself
  and changes with the chart timeframe - he demonstrates the same structure resolving to different
  candles on the 5-minute and the 30-minute.
- '''Supported by'' is not defined - overlapping, adjacent, or containing?'
- No rule states when the order block refinement should be abandoned in favour of the raw
  gap.
related:
- cisd
- propulsion-block
- mean-threshold
- breaker-block
- unicorn-model
- protected-swing
- t-spot
- continuation-order-block
- opposing-run-entry
- order-block-probability-grading
- order-block-series-is-htf-candle
- opposing-candle
- consolidation-avoidance
- eq-if-then-pd-array-match
- daily-ohlc-candle-shape
- top-down-analysis-procedure
- mitigated-order-block-reuse
- relevant-level
- important-level
- fair-value-gap
- stop-loss-placement
- orderflow-narrows-ict-entry
- order-block-requires-bos
- market-maker-model
guest_sources:
- HolyAngelBruv
- ICT + Orderflow - Q&A with HolyAngelBruv
timeframes:
  htf:
  - 1W
  - 1D
  - 4H
  ltf:
  - 1H
  - 5m
  - 1m
  fractal: true
execution:
  bias: Away from the swept side, toward the opposing liquidity.
  entry: Retest of the order block, its opening price, or its 0.5 / mean threshold; often
    paired with an overlapping fair value gap.
  stop: Beyond the block's extreme (the swept high/low).
  targets:
  - Opposing buyside/sellside liquidity
  - -2 to -2.5 then -4 standard deviations of the manipulation leg
contributing_units:
- build_a_model_intro_to_ttrades_fractal_model_03
- chart_lessons_01
- education_ict_02
- education_ict_updated_01
- education_ict_updated_02
- live_stream_guests_02
- sunday_sessions_live_q_a_03
- the_foundation_01
draft_count: 8
voice: mixed
