id: propulsion-block
name: Propulsion Block
definition: 'Given its cleanest definition in the corpus: a propulsion block is an ORDER BLOCK
  OFF OF ANOTHER ORDER BLOCK. The build is stated stepwise: a down-close candle into an important
  level is closed over, validating an order block; price later retraces back into that order
  block; the down-close candle (or series) that went into it is then closed over, and that
  second structure is the propulsion block. Its distinguishing property is sensitivity of
  the OPENING PRICE: he does not want price to break the mean threshold of a propulsion block.
  Traded live, he enters on the opening price with the stop either on the low or on the body
  (he is fine with the body on a propulsion block; the safe alternative is the intermediate-term
  low), targeting 2R.'
variants:
  definition:
  - 'An order block that forms off another order block. Sequence: a first order block is validated
    (candles into an important level, then a close beyond their opening price); price retraces
    and reaches back into that first block; the opposing-close candle or series that reacted
    inside the first block is then itself closed through, and that second block is the propulsion
    block. Its opening price is expected to be very sensitive, and the defining behavioural
    requirement is that price must not break or close beyond the mean threshold of the propulsion
    block.'
  - 'Named twice in this unit and defined neither time. In the first use, a sweep of a low
    followed by a close over the down-close candles that made it produces what he calls a
    valid order block ''or in this case a propulsion block''. In the second, a newly formed
    propulsion block is used as a floor: he does not anticipate price trading below it and
    he does not want to see a close below its mean threshold (the auto-caption renders mean
    threshold as ''main threshold''). Both uses place it inside an existing directional leg
    rather than at a fresh higher-timeframe level, which is the only thing distinguishing
    it from an ordinary order block - and that distinction is inferred from usage, never said.'
  - 'A block formed when a series of opposing-close candles trades INTO an existing order
    block and is then closed through. He names the resulting structure a propulsion block
    and states one behavioural requirement: price should not trade or close below its mean
    threshold — ''half of the bodies'' — and ideally trades into its opening price and then
    away.'
category: structure
status: contested
aliases:
- propulsion block
- propulsion block off an order block
preconditions:
- A validated order block already exists (a candle into an important level, closed through).
- A validated order block already exists at an important level.
- Price has retraced back into that order block.
- An existing directional leg with an order block already established behind it.
- A sweep of a lower-timeframe low (bullish case) inside that leg.
- A validated order block already exists at the level.
detection_rules:
- Order block := a single or series of up-close candles into an important level, after which
  price displaces and closes BELOW the opening price of that single or series (mirror for
  bullish).
- Propulsion block := an order block formed off of another order block.
- 'Build: price retraces into the existing order block; the down-close candle or series that
  traded into it is then closed over; that is the propulsion block.'
- Treat the propulsion block's OPENING PRICE as very sensitive.
- Do not accept a closure or break below the MEAN THRESHOLD of the propulsion block.
- Entry on the opening price; stop on the low or on the body (the body is acceptable here;
  the conservative choice is the intermediate-term low); target 2R.
- Respect the lower half of the propulsion block (bullish case).
- Identify order block OB1 (see order-block).
- Require price to trade back into OB1.
- Identify the single or series of opposing-close candles that reacted inside OB1 - candidate
  OB2.
- Require a close beyond the opening price of OB2 in the intended direction; OB2 is now the
  propulsion block.
- Treat the propulsion block's opening price as the level and require it to be respected.
- Require that price does not break or close beyond the propulsion block's mean threshold.
- 'Constructed identically to a continuation order block: price sweeps a low, then closes
  over the series of down-close candles that made it.'
- Once formed it is treated as a floor - price is not anticipated to trade below it.
- A close below its mean threshold is explicitly not wanted.
- In both uses it sits INSIDE an existing leg rather than at a fresh higher-timeframe level;
  this is the only observable difference from an order block and it is never stated as a rule.
- A series of down-close candles (bullish case) reaches into the existing order block.
- Price then closes over that series — the propulsion block is formed.
- Mark its mean threshold (half of the bodies) and its opening price.
- Expect price to trade into the opening price and away; the upper half should be respected.
invalidation:
- Price breaks / closes below the mean threshold of the propulsion block.
- Price closing beyond (or, as also stated, breaking) the mean threshold of the propulsion
  block.
- A close below the mean threshold of the block.
- Price trades or closes below the mean threshold of the propulsion block.
measurable:
- hit rate of 2R entries at the propulsion block opening price
- how often the mean threshold is violated before target
- hit rate of a 2R trade from the propulsion-block opening price
- how often the mean threshold is respected once a propulsion block is validated
- frequency of propulsion blocks per instrument per month by timeframe
- how often a block he labels propulsion holds versus an ordinary continuation order block
  in the same leg
- frequency of closes below the mean threshold and what follows them
- frequency of mean-threshold violation before the target is reached
sources:
- video_id: W2ZilDoBnWU
  title: 'Propulsion Blocks: What They Are & How to Use Them'
  quote: A propulsion block is an order block off of another order block
- video_id: W2ZilDoBnWU
  title: 'Propulsion Blocks: What They Are & How to Use Them'
  quote: I do not want to see price break the mean threshold of a propulsion
- video_id: QqvT4HoQ_ds
  title: Propulsion Block Setup →Clean Entry, Strong Expansion.
  quote: I'd look to enter on the opening price with my stop
- video_id: wfkLTu96Dh8
  title: 'Next Day Model: Clear Bias Makes Clean Entry'
  quote: I would like to see price respect the lower half of this
- video_id: 9PKJ0U1gl4g
  title: Propulsion Blocks Simplified - ICT Concepts
  quote: a propulsion block is an order block off of another order block
- video_id: 9PKJ0U1gl4g
  title: Propulsion Blocks Simplified - ICT Concepts
  quote: with a propulsion block I'm fine with the body
- video_id: TfHlNgAZ_II
  title: Trading IRL & ERL With Order Blocks! - ICT Concepts
- video_id: iEaMbuFZb24
  title: Trade Like TTrades - Top Down Analysis
  quote: a valid order block or in this case a propulsion block
- video_id: iEaMbuFZb24
  title: Trade Like TTrades - Top Down Analysis
  quote: I formed a new propulsion block here
- video_id: iEaMbuFZb24
  title: Trade Like TTrades - Top Down Analysis
  quote: I don't want to see a close below the main threshold of it
- video_id: hKCMqh0ZsY0
  title: How To Use The Economic Calendar For Trading
  quote: ideally I wouldn't like to see price trade or close below the mean threshold
- video_id: caaS6_Q7O78
  title: Next Day Model - Fractal Way To Get Bias For Trading
  quote: I focus on price taking out its previous candle high or low and then closing
ambiguities:
- 'Two different invalidation levels are used across the Shorts for the same object: "the
  mean threshold" and "the lower half of this". They may be the same level (50% of the block)
  but that equivalence is never stated.'
- '"Break" versus "close through" the mean threshold is not distinguished.'
- The first Short's transcript is truncated mid-sentence at "the mean threshold of a propulsion",
  so anything he added after that is lost.
- The stop choice (low vs body vs intermediate-term low) is left to preference with no rule.
- Whether OB2's candles must sit strictly inside OB1's range, or merely react at it, is not
  stated.
- '''Break'' vs ''close beyond'' the mean threshold is used both ways in the same video -
  wick-through is not resolved.'
- No statement on how long a propulsion block stays valid, or whether it can be re-used after
  a first touch.
- Whether a propulsion block can chain (a third block off the propulsion block) is not addressed.
- Never defined. The difference from an ordinary order block is inferred purely from where
  it sits.
- Its mean threshold is invoked without saying whether it is measured on the bodies (as for
  an order block) or on the full candle range.
- the_foundation_01 recorded the same term from the IFVG video as 'an order block formed off
  another order block'; the two accounts are compatible but neither is a definition, and they
  are still unreconciled.
- No statement of whether a propulsion block can be entered on, or is only a level that must
  hold.
- '''Half of the bodies'' is his gloss on mean threshold, but whether the midpoint is taken
  across the whole series of bodies or the single validating candle is not stated.'
- In caaS6_Q7O78 he identifies propulsion blocks in passing without restating the definition;
  the only explicit rule in this unit is the mean-threshold one from hKCMqh0ZsY0.
- No rule distinguishes a propulsion block from an ordinary nested order block beyond 'it
  sits inside an existing one'.
related:
- order-block
- mean-threshold
- continuation-order-block
- breaker-block
- cisd
- protected-swing
timeframes:
  htf:
  - 1H
  ltf:
  - 15m
  - 5m
  fractal: true
execution:
  bias: The direction the propulsion block propels.
  entry: The opening price of the propulsion block.
  stop: The low, the body, or the intermediate-term low.
  targets:
  - 2R
contributing_units:
- education_ict_updated_01
- education_ict_updated_02
- shorts_02
- the_foundation_02
draft_count: 4
voice: ttrades
