id: breaker-block
name: Breaker Block
variants:
  name:
  - Breaker Block (preferred over the order block, as a mitigation)
  - Breaker As A Four-Point Price Pattern (AM Trades' definition)
  definition:
  - 'EARLIER RECORDING (old ''Education - ICT'' playlist; the channel later re-recorded this
    as ''Breaker Block & FVG Entry Model'', rXMVPUZPw4A, which is the canonical reading).
    The structural definition is identical to the later one - bearish: a high, a low, a higher
    high relative to that high, then a lower low relative to that low; bullish mirrors. The
    block is the down-close candle OR SERIES of down-close candles between the first high
    and the first low. What this earlier recording adds and the later one drops is (a) an
    explicit rationale - the would-be support becomes resistance when price breaks through
    it - and (b) a marking procedure that switches level by the candle''s wick-to-body proportion
    (see wick-vs-body-marking-rule). It also states why a SERIES is used rather than a single
    candle: the series is one candle on the next timeframe up.'
  - 'A four-point swing sequence plus a candle-selection rule, stated here as a candlestick
    pattern. Bearish: high, low, higher high, lower low - the zone is the DOWN-close candles
    marked from that high to that low, and it is expected to resist price on a return. Bullish:
    low, high, lower low, higher high - the zone is the UP-close candles before the move that
    made the lower low, and it is expected to support price. When wicks are untidy he marks
    the zone off the BODIES. This lesson matches, word for word, the sequence the host used
    on air to correct a guest who had called a low-high-higher-high-lower-low structure a
    breaker.'
  - 'Two guests define the breaker compatibly. Finessee_Fx: a bearish breaker is the last
    bearish down-close candle immediately prior to a stop run higher - the run being two consecutive
    aggressive bullish candles that take out the old highs - after which price trades back
    below that candle; the bullish breaker is the mirror, the last bullish candle before a
    decline that takes out lows and fills an imbalance, confirmed when price then breaks back
    above the high. Ben adds the compressed definition - a breaker block is simply a flipped
    order block: the same candle that was a bullish order block becomes a bearish breaker
    once price has broken through it - and states the discriminator against a mitigation block:
    a breaker creates a NEW high (so it is not a failure swing), a mitigation block does not.

    '
  - 'A structural (not candle-level) pattern. Bearish breaker: price puts in a swing high,
    then a swing low, then sweeps stops above the swing high making a HIGHER HIGH, then displaces
    below the swing low making a LOWER LOW — ''a high, low, higher high, lower low''. The
    traded candle is the LOWEST DOWN-CLOSE candle prior to the move that made the higher high
    / raided the stops. The bullish case mirrors: low, high, lower low, higher high, and the
    last up-close candle before the move that made the lower low.'
  - 'Rauf names the breaker as his favourite entry technique and gives his reason: a breaker
    shows a real change in the state of delivery, and he quotes ICT that a change in state
    of delivery is where opportunities are born. His structural definition is low, high, lower
    low (bullish), with the significant candle being the one no bodies subsequently pass.
    Functionally he treats a breaker as another FORM OF MITIGATION - the place where anyone
    who was positioned the other way can square or offset their position. He prefers breakers
    to order blocks purely as personal preference but says he finds them much more meaningful,
    and notes that every ICT PD array can be reclaimed but breakers differ in that they carry
    this structure.'
  - 'A four-point swing sequence plus a candle-selection rule. A bullish breaker requires
    the confirmed sequence low -> high -> lower low -> higher high; the breaker zone is the
    single or series of UP-CLOSE candles located between the low and the high, marked as a
    rectangle INCLUDING the wicks. A bearish breaker requires high -> low -> higher high ->
    lower low, with the zone being the down-close candles. The defining feature versus a mitigation
    block is that a prior extreme is swept (the lower low / higher high in the middle of the
    sequence). The speaker states a breaker is "a form of mitigation".

    '
  - 'AM Trades gives a purely pattern-based definition on the 15-minute chart. The sequence
    is: price makes a high, a higher low, a higher high, then a lower low; then price retraces
    back into the breaker. The breaker itself is the down-close candle that sat immediately
    before the run on buy side, and it becomes a breaker only once price has broken below
    it. Down-close candles produce bearish breakers and the mirror holds for bullish breakers
    off up-close candles. He is explicit that it is ''really just a pattern in price'', and
    points to a simplified entry-model post on his own page rather than adding conditions
    on air.'
  - 'A naming dispute worked out live between host and guest over the same five-minute structure.
    The guest marks a low, high, higher high, lower low sequence and calls it a breaker, using
    it as the level to close through. The host refuses the label twice: he says that is not
    a breaker, it is an order block, and then restates the sequence he requires for a breaker
    - a low, high, lower low, higher high - before agreeing to work with the guest''s level
    anyway, calling it a level rather than a breaker. Both readings are preserved.'
  - A Short gives the bullish breaker as a strict four-point sequence and then walks it forward
    live on GBPUSD 5-minute. The sequence is LOW, HIGH, LOWER LOW, HIGHER HIGH. Once the higher
    high confirms it, the breaker itself is the series (or the single) UP-CLOSE candle between
    the low and the high; that marked area is what price should react to when it returns,
    and the expectation is continuation higher off it.
  - 'The opposing-close candle (or run of candles) at the swing that produced a liquidity
    raid, used as the entry level once price displaces back through it. Two formulations appear
    in this unit - Ash defines it by the candle, Rauf defines it by the three-point swing
    shape - and they describe the same structure from different angles.

    '
  - 'Given as a one-sentence answer to a chat question and immediately qualified with the
    statement that he does not really use them. The construction: a low, then a high, then
    a lower low, then a higher high; take the range from the first low to the high and extend
    it forward. That extended zone is the breaker block.

    '
  category:
  - structure
definition: 'SHORTS EVIDENCE, and the crispest four-point statement of the pattern in the
  corpus. A BEARISH breaker is the sequence high, low, higher high, LOWER LOW; the zone is
  then the DOWN-CLOSE candles taken from the FIRST high to the FIRST low, used as resistance.
  A BULLISH breaker is the mirror: low, high, lower low, HIGHER HIGH; the zone is the up-close
  candles between the first low and the first high, used as support. The pattern is not complete
  until the fourth point prints - a worked counter-example shows high, low, higher high with
  no lower low following, which he rules out as not a breaker. He states the gate directly:
  a breaker is a candlestick pattern showing a reversal and must be used with a higher-timeframe
  bias, not pattern-traded on its own.'
category: entry
status: contested
aliases:
- bearish breaker block
- bullish breaker block
- breaker
- bullish breaker
- bearish breaker
- flipped order block
- institutional swing point
preconditions:
- A higher-timeframe bias exists (stated as a hard requirement, not a preference).
- A swing high and a swing low are already in place on the working timeframe.
- A draw on liquidity / higher-timeframe point of interest has been identified.
- Four confirmed swing points in the required order.
- An old high or low exists to be run.
- 'Finessee_Fx: for a bullish breaker, an inefficiency below price that the decline can fill.'
- A swing high and a swing low exist in sequence.
- A swing structure with a low, a subsequent high, and a lower low (mirror for bearish).
- 'Preferred: displacement through the zone, ideally leaving a fair value gap (see unicorn-model).'
- A completed high / higher low / higher high / lower low sequence on the working timeframe.
- A four-point swing sequence on the execution timeframe.
- A swing low has formed.
- A liquidity raid has occurred - a swing high or swing low has been run.
- 'A four-point sequence exists: low, high, lower low, higher high (bullish orientation as
  described).'
detection_rules:
- 'Bearish breaker point sequence: high -> low -> higher high -> lower low.'
- 'Bullish breaker point sequence: low -> high -> lower low -> higher high.'
- If the fourth point never prints, there is no breaker - discard the structure.
- Bearish zone := the down-close candles spanning the FIRST high to the FIRST low.
- Bullish zone := the up-close candles spanning the first low to the first high.
- Wait for price to retest the zone and require continuation away from it.
- Do not take the pattern without a higher-timeframe bias.
- 'Bearish: mark H1, then L1. Require a higher high H2 > H1, then a lower low L2 < L1.'
- 'Bullish: mark L1, then H1. Require a lower low L2 < L1, then a higher high H2 > H1.'
- Block := the down-close candle(s) (bearish) or up-close candle(s) (bullish) located between
  H1 and L1.
- Use the whole consecutive SERIES, not a single candle, because the series is a single candle
  one timeframe up.
- Full-bodied candle with little wick -> mark the whole body; watch the closing price and
  the mean threshold (50% of the body).
- Large-wick / small-body candle -> mark close-to-extreme instead, and use the 0.5 level of
  that wick.
- Expect the reaction in that zone; bodies must not close beyond the marked level, wicks may
  dig in.
- 'Ideal case: price taps the mean threshold and closes back out of it.'
- 'Bullish: confirm the sequence low, high, lower low, higher high. The pattern does not exist
  until the higher high prints.'
- Bullish zone := the up-close candles before the move that produced the lower low.
- 'Bearish: confirm the sequence high, low, higher high, lower low.'
- Bearish zone := the down-close candles marked from that high to that low.
- Where wicks are scattered, mark the zone from the bodies rather than the extremes.
- 'Bearish breaker: find the last bearish (down-close) candle before the aggressive run that
  takes out highs; the run must actually take stops out. Confirmation is price closing back
  below that candle.'
- Finessee_Fx states the run as two consecutive aggressive candles; in a second example he
  says 'back to back to back', so the count is at least two.
- 'Bullish breaker: the last bullish candle before the decline that takes out a low AND fills
  the fair value gap below; confirmation is price breaking back above the swing high that
  follows.'
- 'Ben: a breaker is a flipped order block - the same candle, re-polarised once price has
  traded through it.'
- 'Ben''s discriminator: the move must create a new high (bullish case: new low) for it to
  be a breaker; a candle whose move does not recreate a new swing extreme is a mitigation
  block, not a breaker.'
- Finessee_Fx demarcates the zone wick-to-body and extends it forward; the level is expected
  to be respected repeatedly, not once.
- 'Ben''s invalidation test: no candle CLOSE beyond the defending edge of the breaker.'
- 'Bearish: identify swing high H1, then swing low L1.'
- Price sweeps above H1 (higher high), then displaces and closes below L1 (lower low).
- The breaker candle is the LOWEST down-close candle before the leg that made the higher high.
- 'Bullish mirrors exactly: low, high, lower low (sweep), higher high (displacement); the
  breaker is the last up-close candle before the leg that made the lower low.'
- Stop can sit either on the swept extreme or just beyond the breaker itself — he shows both
  (2.3R vs 5R on the same trade).
- 'Bullish breaker: mark the low, the following high, and the lower low.'
- The breaker candle is the one at that structure past which no bodies subsequently close.
- Treat the level as a mitigation zone where opposing positions are squared or offset.
- Entry is on the return into the breaker after price has moved away.
- A body close through the breaker's defining extreme disqualifies it.
- 'Bullish: confirmed swing lows/highs in sequence L1, H1, L2, H2 with L2 < L1 and H2 > H1.'
- Breaker zone (bullish) := the single or series of up-close candles between L1 and H1; rectangle
  from the lowest low to the highest high of those candles (wicks included).
- 'Bearish: H1, L1, H2, L2 with H2 > H1 and L2 < L1; zone := the down-close candles between
  H1 and L1.'
- The pattern does not exist until the fourth point prints (shown explicitly with a candidate
  that never made the lower low).
- 'Distinguish from an order block at the same location: the order block is marked at the
  OPENING PRICE only, the breaker as the full candle range.'
- 'Sequence required: high -> higher low -> higher high -> lower low.'
- 'The breaker is the down-close candle immediately preceding the leg that ran the buy side
  (mirror: the up-close candle before the leg that ran the sell side).'
- It is only a breaker once price has broken below it (above it, for a bullish breaker).
- Entry is the retracement back into that candle.
- 'Host''s reading: a bullish breaker is the sequence low, high, lower low, higher high -
  price closing through and forming the higher high is what makes it a breaker.'
- 'Guest''s reading: the sequence low, high, higher high, lower low, used as the level to
  trade the close through.'
- 'Host''s classification of the guest''s structure: an order block, not a breaker.'
- 'Bullish breaker sequence: a low, then a high, then a LOWER low, then a HIGHER high.'
- Only after the higher high is made is the breaker block formation confirmed.
- Mark the series (or single) up-close candle between the low and the high as the breaker
  block.
- On a return into that area, expect a reaction and continuation higher.
- 'Ash''s definition (bearish setup): the breaker is the lowest down-close candle before the
  leg up that took the liquidity. If there are consecutive same-direction closes, all of them
  are included in the block. Mirror for a bullish setup.'
- 'Rauf''s definition (bullish breaker): a low, then a high, then a LOWER low. The up-close
  candles at that structure are the breaker; project them forward in time.'
- The breaker becomes actionable only once price body-closes through it.
- 'Rauf''s additional requirement: the trade through the breaker must land in an area of fair
  value for the reversal to be trusted.'
- Mark the first low.
- Mark the subsequent high.
- Confirm a lower low forms after that high.
- Confirm a higher high forms after the lower low.
- Take the range from the FIRST low to the high and extend it forward as the block.
invalidation:
- Price closes through the zone in the opposing direction.
- Bodies close beyond the marked level (mean threshold / 0.5 of the wick).
- The higher high or the lower low never forms - the structure is not a breaker.
- The fourth swing point never forming.
- Price trading through the far side of the breaker zone after the retest.
- A candle closes beyond the defending side of the breaker zone (Ben).
- 'Finessee_Fx: the level is traded through and the order flow is no longer respected, at
  which point the bias flips.'
- No displacement through the opposing swing — the four-point sequence never completes.
- Bodies close through the breaker.
- Failure of the fourth swing point to form.
- Price trading through the far side of the breaker zone after the retest (his losing example
  is stopped beyond the zone).
- Price closes back above the breaker candle in the bearish case (below, in the bullish case).
- Not stated for either reading in this unit.
- Price trades through the marked area without reacting.
- Price closes back through the far side of the block.
- Not stated.
measurable:
- hold rate of the breaker zone on first retest
- frequency of the three-point structure that never completes the fourth point
- hit rate of the mean-threshold reaction, split by full-body vs large-wick marking
- frequency of the tap-and-close-out-of-mean-threshold ideal case
- how often bodies (vs wicks) violate the marked level before the move
- frequency of the four-point sequence per instrument and timeframe
- hit rate of a fixed 2R trade on first retest of the zone
- difference between wick-marked and body-marked zones on the same sample
- reaction rate of breakers that ran stops versus those that did not
- how often a breaker is respected more than once (Finessee_Fx shows the same daily breaker
  holding twice)
- outcome difference between breakers created with a new swing extreme and those without (Ben's
  discriminator)
- frequency of the four-point sequence per session
- fill rate of breaker retests before target
- reaction rate on first return into a breaker vs into an order block at the same structure
- frequency of the 4-point sequence per instrument/timeframe
- hit rate of a fixed 2R trade on first retest, split by presence/absence of an overlapping
  FVG (unicorn vs plain)
- R:R difference between the two stop placements over the same sample
- reaction rate at the breaker candle on the retracement, by timeframe
- difference in outcome between a single-candle breaker and a series
- outcome difference between levels drawn under the two sequence definitions
- reaction rate on first retest of a breaker marked by this sequence
- frequency of the full four-point sequence per session on the 5-minute
- hit rate of a return into a breaker producing continuation
- difference in outcome between the single-candle and merged-consecutive-candle definitions
- how often the body close through the breaker coincides with an FVG being left behind
- frequency of the four-point sequence per instrument
- reaction rate when price returns to the extended zone
sources:
- video_id: EcnwfvAOo0s
  title: Breaking Down What a Breaker Block Is
  quote: a high, a low, a higher high, and a lower low
- video_id: EcnwfvAOo0s
  title: Breaking Down What a Breaker Block Is
  quote: using the down close candles from the first high to the first low
- video_id: EcnwfvAOo0s
  title: Breaking Down What a Breaker Block Is
  quote: it will be a low, a high, a lower low, and a higher high
- video_id: EcnwfvAOo0s
  title: Breaking Down What a Breaker Block Is
  quote: used with a higher timeframe bias, so don't pattern trade it
- video_id: jSIFb06gawQ
  title: 'Bearish Breaker Block Setup: What to Look For?'
  quote: I want to see a high, low, higher high, then lower low
- video_id: jSIFb06gawQ
  title: 'Bearish Breaker Block Setup: What to Look For?'
  quote: this does not form a breaker
- video_id: dcIdzqD3kMU
  title: Breaker Blocks Simplified - ICT Concepts
  quote: a high a low a higher high relative to this high
- video_id: dcIdzqD3kMU
  title: Breaker Blocks Simplified - ICT Concepts
  quote: the reason for using the series and not just a single is because
- video_id: dcIdzqD3kMU
  title: Breaker Blocks Simplified - ICT Concepts
  quote: I will focus on the entire body of the candle
- video_id: dcIdzqD3kMU
  title: Breaker Blocks Simplified - ICT Concepts
  quote: the mean threshold or 50 of the body
- video_id: dcIdzqD3kMU
  title: Breaker Blocks Simplified - ICT Concepts
  quote: when price Taps the mean threshold but closes out of it
- video_id: xP-o11jRCyg
  title: Trade Continuations Using Breaker Blocks
  quote: in which we have a high low higher high and lower Low
- video_id: xP-o11jRCyg
  title: Trade Continuations Using Breaker Blocks
  quote: bullish breaker block we have a low a high lower low higher high
- video_id: xP-o11jRCyg
  title: Trade Continuations Using Breaker Blocks
  quote: with these Wicks kind of everywhere I will focus on the bodies
- video_id: wy3OSPxu5U0
  title: Top Down Analysis | Daily Bias To Entries - ICT Concepts
  quote: So I'm going to mark out this candle here as a breaker block
- video_id: xP-o11jRCyg
  title: Trade Continuations Using Breaker Blocks
  quote: I prefer to just use order blocks as I find them more simple and easy
- video_id: eK_6wgNpNh0
  title: Advanced ICT Directional Bias Teachings with Finessee_Fx
  quote: the last bearish closed candle prior to the stop run
- video_id: yRmKkR4CojU
  title: Fractalizing Entries -Q&A with Ben - ICT Concepts
  quote: a breaker block is simply a flipped order block
- video_id: yRmKkR4CojU
  title: Fractalizing Entries -Q&A with Ben - ICT Concepts
  quote: i like high time frame breakers that price submits to over a consolidation period
- video_id: yRmKkR4CojU
  title: Fractalizing Entries -Q&A with Ben - ICT Concepts
  quote: i'm looking for no candle closures above that
- video_id: rXMVPUZPw4A
  title: Breaker Block & FVG Entry Model
  quote: it is a high low higher high lower low
- video_id: rXMVPUZPw4A
  title: Breaker Block & FVG Entry Model
  quote: I'm focused on the lowest down close candle prior to the move that went
- video_id: 0xygpCMwxbQ
  title: A+ ICT Entry Checklist
  quote: the first thing I focus on is a stop raid
- video_id: qFtfD09Vv3E
  title: Live with Day Trading Rauf - Preparing for a New Week
  quote: Breakers are probably my favorite entry techniques to enter the market
- video_id: qFtfD09Vv3E
  title: Live with Day Trading Rauf - Preparing for a New Week
  quote: a breaker is another form of mitigation
- video_id: qFtfD09Vv3E
  title: Live with Day Trading Rauf - Preparing for a New Week
  quote: we have this breaker we've got a low high and a lower low
- video_id: 75S4vwD4P1U
  title: Breaker Blocks Simplified - ICT Concepts
  quote: with a bullish breaker we need a low high lower low then higher high
- video_id: bbWPoajy2MY
  title: Mitigation Blocks Simplified - ICT Concepts
  quote: a breaker is a form of mitigation
- video_id: 1YRs4Z1lMws
  title: Optimal Trade Entry (OTE) - ICT Concepts
- video_id: CrUfTskOveo
  title: Stream Q & A with AM Trades  - ICT concepts
  quote: a down closed candle prior to a run on buy side
- video_id: CrUfTskOveo
  title: Stream Q & A with AM Trades  - ICT concepts
  quote: once we break below the down closed candle becomes a breaker
- video_id: tDiwwMRWF2k
  title: New York Open Live Q&A with NickDoesFutures
  quote: that's not a breaker, that's an order block
- video_id: sdZkE-naNiY
  title: TTrades Indicator Updates - Walkthrough and Q&A
  quote: C1 is just the liquidity for the reversal of candle 2
- video_id: DUIhKL5v1uQ
  title: Identifying Breaker Blocks for Possible Entries
  quote: with a bullish breaker, we need a low high lower low then higher high
- video_id: DUIhKL5v1uQ
  title: Identifying Breaker Blocks for Possible Entries
  quote: the series or single up close candle here between the low and the high
- video_id: zXtJSSkiNmo
  title: Ash Trades | The Journey To Profitability & The Unicorn Model
- video_id: wB-fQiT_UDo
  title: DayTradingRauf | ICT MMXM Models
- video_id: wM1s7UivQ08
  title: New York Open Live Q&A
ambiguities:
- '''Down close candles from the first high to the first low'' does not say whether the zone
  is their combined open-to-close body span or the full high-to-low of those candles.'
- How the four points are identified (swing definition, lookback) is not stated in these Shorts.
- Whether a SINGLE down-close candle suffices, or a series is required, is not addressed.
- 'EVOLUTION, NOT CONTRADICTION: this is the earlier recording. The later rXMVPUZPw4A narrows
  the block to ''the lowest down close candle prior to the move that made the higher high'';
  this earlier video says the series between H1 and L1 without the lowest-candle qualifier.
  Both readings kept.'
- Whether the higher high / lower low must CLOSE beyond the prior extreme or may only wick
  beyond is not stated.
- '''Little wicks'' vs ''a large Wick and smaller body'' is a comparison, never a ratio.'
- The volume imbalance used as a second level in the first example is marked but not defined
  here.
- For the bearish case the PDF says the zone runs 'from this high to the low', but a later
  example marks 'those down close candles on the move down' - whether the anchor is the FIRST
  high or the higher high is stated both ways in the same video.
- Whether the zone spans all same-direction closes between the two points or only the contiguous
  run adjacent to the extreme is not stated.
- Wick vs body bounding is explicitly discretionary ('with these wicks kind of everywhere
  I will focus on the bodies').
- He closes by saying he prefers plain order blocks because they are simpler, so the breaker
  material is offered as an alternative, not as his own model.
- Swing confirmation lag (how many bars must pass before a swing point counts) is never given.
- '''Aggressive'' is never quantified by either speaker - no body size, range or displacement
  threshold.'
- Finessee_Fx says two consecutive candles in one example and three in another; whether more
  than two still qualifies is never addressed.
- Ben's stated favourite is a HIGH-timeframe breaker that price consolidates on, because the
  consolidation manufactures an internal liquidity run he can zoom into - but 'consolidation
  period' is not bounded.
- Neither speaker states how long a breaker stays valid.
- The auto-captioner renders 'order block' as 'water block' throughout the Finessee_Fx transcript.
- '''Lowest down close candle'' vs ''the series'' is used interchangeably in the examples;
  for a series he marks the whole block.'
- Whether the higher high must CLOSE above the swing high or only wick above is not stated
  — the diagrams show a wick sweep.
- The two stop placements are offered as a risk-to-reward choice, not a rule.
- The choice of breaker over order block is stated as personal preference, with no comparative
  evidence.
- Whether the breaker requires the liquidity sweep first (as in other corpus definitions)
  is not stated here.
- He says an MMXM is 'by definition mitigation - a mitigation of orders' and that a breaker
  is a form of the same thing, without reconciling breaker and mitigation block as separate
  objects.
- Whether the zone uses only the contiguous up-close candles immediately preceding H1, or
  every up-close candle between L1 and H1, is not stated.
- '''Displacement'' paired with the breaker is required in words but never quantified.'
- Swing confirmation lag is not restated here.
- Stop and entry selection are explicitly discretionary — the video shows one case where each
  choice wins and another where it loses.
- The video does not require an 'important level' for breakers the way the order block video
  does, though the top-down examples always have one.
- No displacement requirement is attached to the break below the candle.
- No rule is given for which candle to use when several down-close candles precede the run
  - single candle versus series is not addressed.
- Neither stop placement nor targets are given here; he defers to a post on his own page.
- The second source quote is included only to anchor the host's own vocabulary in this unit;
  the indicator video makes no breaker statement, and his indicator does not draw breakers
  at all.
- The exchange is partly a stream-delay misunderstanding, so how much of the disagreement
  is definitional versus a crossed-wires moment is not fully separable.
- Neither speaker states which candle body or wick bounds the level.
- The Short does not say whether the higher high must CLOSE above the prior high or merely
  trade above it.
- '"Between the low and the high" identifies the up-close candles positionally; which of them
  to use when several qualify is not stated.'
- No stop, entry price within the block, or target is given in this clip - only "look for
  a reaction there".
- The bearish mirror is not stated.
- The two definitions are not reconciled by either speaker; Ash names a candle, Rauf names
  a swing shape and projects candles forward.
- Neither states the timeframe on which the confirming body close must occur.
- Ash sources the concept to ICT core content month 5 'institutional swing points'; that source
  is described but not reproduced, so the original definition is not verifiable here.
- How long a projected breaker stays valid is unstated.
- He states plainly that he does not use breaker blocks much, so this is a definition he supplied
  on request rather than part of his model - treat it as low-weight.
- Only the bullish orientation is described; the bearish mirror is not stated.
- No invalidation, entry trigger or target rule is given.
- Whether the range is taken from wicks or bodies is not stated.
related:
- order-block
- breaker-continuation
- unicorn-model
- order-of-reversal
- valid-structure-flip
- wick-vs-body-marking-rule
- mean-threshold
- order-block-series-is-htf-candle
- volume-imbalance
- swing-point
- smt-swing-point-substitute
- intermediate-term-swing-formation
- wick-to-body-order-block-zone
- mitigation-block
- five-concept-entry-toolkit
- sponsorship-vs-execution-timeframe
- market-structure-shift
- a-plus-entry-checklist
- breaker-wick-vs-body-invalidation
- mmxm-hedging-definition
- cisd
- standard-deviation-projection
- stop-loss-placement
- smart-money-reversal-breaker-confirmation
- one-minute-premature-entry
- propulsion-block
- silver-bullet-breaker-requirement
- opposing-candle
guest_sources:
- AM Trades
- Advanced ICT Directional Bias Teachings with Finessee_Fx
- Ash Trades | The Journey To Profitability & The Unicorn Model
- Ben (Ben TT)
- Day Trading Rauf
- DayTradingRauf | ICT MMXM Models
- Finessee_Fx
- Fractalizing Entries -Q&A with Ben - ICT Concepts
- Live with Day Trading Rauf - Preparing for a New Week
- NickDoesFutures
- Stream Q & A with AM Trades  - ICT concepts
timeframes:
  htf:
  - 4H
  - 1H
  ltf:
  - 15m
  - 5m
  fractal: true
execution:
  bias: Away from the broken structure - short below a bearish breaker, long above a bullish
    one.
  entry: On the retest of the marked body / wick level or its mean threshold.
  stop: Beyond the block's extreme.
  targets:
  - The higher-timeframe draw on liquidity
  - The opposing swing
contributing_units:
- education_ict_01
- education_ict_updated_01
- education_ict_updated_02
- live_stream_guests_01
- live_stream_guests_02
- live_stream_guests_03
- live_streams_05
- shorts_01
- shorts_02
- sunday_sessions_live_q_a_03
- t_talks_01
- the_foundation_01
draft_count: 12
voice: mixed
