id: mitigation-block
name: Mitigation Block
aliases:
- mitigation block entry
category: entry
status: contested
definition: 'EARLIER RECORDING (old ''Education - ICT'' playlist). A candle-level, not swing-level, definition
  used purely as a trend-continuation entry. In a bearish trend: an UP-close (green) candle prints inside
  the move; when the LOW of that candle is broken, the candle becomes a mitigation block and its HIGH
  must not subsequently be invalidated. The entry is the retest of that high, or of the candle''s opening
  price; the stop sits just beyond the high. Bullish mirrors with a down-close candle whose high is broken.
  He also pairs it with a fair value gap - the CPI trade review enters on a fair value gap that overlaps
  a mitigation block.'
timeframes:
  htf:
  - 15m
  - 5m
  ltf:
  - 1m
  - 30s
  - 15s
  fractal: true
preconditions:
- An aggressive trend toward an objective is already established (see trend-as-aggressive-move-to-objective).
- The trend is judged too fast to retrace to an OTE, which is why this entry is used at all.
detection_rules:
- 'Bearish: find an up-close candle inside the down leg. Wait for a later candle to trade below that candle''s
  LOW.'
- Once its low is broken, the candle is a mitigation block and its HIGH is the invalidation level.
- 'Entry option A: limit at the block''s high on the retest.'
- 'Entry option B: limit at the block''s opening price.'
- Level choice follows wick-vs-body-marking-rule - very small body -> use the wicks; clustered candles
  -> use the opening price.
- 'Entry option C: drop to a 15- or 30-second chart and take a fair value gap / model inside the block.'
- Stop just beyond the block's high (bearish) or low (bullish).
- 'Bullish mirrors: down-close candle whose HIGH is broken; its LOW must not be invalidated.'
invalidation:
- Price closes beyond the block's protected extreme (the high in the bearish case).
execution:
  bias: With the prevailing trend.
  entry: Retest of the block high / opening price, or a LTF model inside it.
  stop: Just beyond the block extreme.
  targets:
  - The trend's objective (HTF point of interest or liquidity pool)
measurable:
- hit rate of the block-high retest vs the opening-price entry on the same blocks
- how often the protected extreme is invalidated after the low is broken
- R achieved by the LTF-model-inside-the-block variant vs the plain limit
sources:
- video_id: NgFIza9qsGQ
  title: Finding Entries Into Trend - ICT Concepts
  quote: when this low is broken, then this high should not be invalidated
- video_id: NgFIza9qsGQ
  title: Finding Entries Into Trend - ICT Concepts
  quote: very small body, and I'll use the wicks
- video_id: NgFIza9qsGQ
  title: Finding Entries Into Trend - ICT Concepts
  quote: When price is more clustered together here, I will use the opening price.
- video_id: 0R61Y6Pn74Q
  title: CPI Gold Trade Review | ICT Market Maker Sell Model [MMXM]
  quote: my entry is a fair value Gap overlapped with a mitigation block
ambiguities:
- 'EVOLUTION / DIVERGENCE, NOT CONTRADICTION: the library already holds two readings of this id - a four-point
  swing sequence with no sweep, and a guest''s ''up-close candle that traded into fair value''. This EARLIER
  TTrades recording is a third, purely candle-level reading with a break-the-low trigger. All three are
  kept; none supersedes the others on the evidence here.'
- '''Aggressive trend'' is the gate for choosing this entry and is never quantified.'
- No rule chooses between the block-high entry and the opening-price entry beyond the wick/body test.
- Whether the break of the candle's low must be a close below or a wick below is not stated.
related:
- wick-vs-body-marking-rule
- cheat-code-entry
- trend-entry-options
- order-block
- breaker-block
- fair-value-gap
voice: ttrades
contributing_units:
- education_ict_01
draft_count: 1
